
Microsoft Visual Studio Solution File, Format Version 12.00
# Visual Studio Version 17
VisualStudioVersion = 17.7.34018.315
MinimumVisualStudioVersion = 10.0.40219.1
Project("{2150E333-8FDC-42A3-9474-1A3956D46DE8}") = "Sorting Algorithm", "Sorting Algorithm", "{21EBD320-F198-4DD0-BAF7-EF9188461F7A}"
EndProject
Project("{FAE04EC0-301F-11D3-BF4B-00C04F79EFBC}") = "SortingAlgorithm", "Sorting Algorithm\SortingAlgorithm.csproj", "{54BEFB96-2D1F-4CBE-8777-42FE28813431}"
EndProject
Project("{FAE04EC0-301F-11D3-BF4B-00C04F79EFBC}") = "DataStructure", "DataStructure\DataStructure.csproj", "{DD3DFD37-657C-4212-88D3-D76A89BA770F}"
EndProject
Project("{FAE04EC0-301F-11D3-BF4B-00C04F79EFBC}") = "IEnumerable IEnumerator", "IEnumerable IEnumerator\IEnumerable IEnumerator.csproj", "{AF5BBFFF-68D9-45F6-9F03-14DC43CFAB43}"
EndProject
Global
	GlobalSection(SolutionConfigurationPlatforms) = preSolution
		Debug|Any CPU = Debug|Any CPU
		Release|Any CPU = Release|Any CPU
	EndGlobalSection
	GlobalSection(ProjectConfigurationPlatforms) = postSolution
		{54BEFB96-2D1F-4CBE-8777-42FE28813431}.Debug|Any CPU.ActiveCfg = Debug|Any CPU
		{54BEFB96-2D1F-4CBE-8777-42FE28813431}.Debug|Any CPU.Build.0 = Debug|Any CPU
		{54BEFB96-2D1F-4CBE-8777-42FE28813431}.Release|Any CPU.ActiveCfg = Release|Any CPU
		{54BEFB96-2D1F-4CBE-8777-42FE28813431}.Release|Any CPU.Build.0 = Release|Any CPU
		{DD3DFD37-657C-4212-88D3-D76A89BA770F}.Debug|Any CPU.ActiveCfg = Debug|Any CPU
		{DD3DFD37-657C-4212-88D3-D76A89BA770F}.Debug|Any CPU.Build.0 = Debug|Any CPU
		{DD3DFD37-657C-4212-88D3-D76A89BA770F}.Release|Any CPU.ActiveCfg = Release|Any CPU
		{DD3DFD37-657C-4212-88D3-D76A89BA770F}.Release|Any CPU.Build.0 = Release|Any CPU
		{AF5BBFFF-68D9-45F6-9F03-14DC43CFAB43}.Debug|Any CPU.ActiveCfg = Debug|Any CPU
		{AF5BBFFF-68D9-45F6-9F03-14DC43CFAB43}.Debug|Any CPU.Build.0 = Debug|Any CPU
		{AF5BBFFF-68D9-45F6-9F03-14DC43CFAB43}.Release|Any CPU.ActiveCfg = Release|Any CPU
		{AF5BBFFF-68D9-45F6-9F03-14DC43CFAB43}.Release|Any CPU.Build.0 = Release|Any CPU
	EndGlobalSection
	GlobalSection(SolutionProperties) = preSolution
		HideSolutionNode = FALSE
	EndGlobalSection
	GlobalSection(NestedProjects) = preSolution
		{54BEFB96-2D1F-4CBE-8777-42FE28813431} = {21EBD320-F198-4DD0-BAF7-EF9188461F7A}
	EndGlobalSection
	GlobalSection(ExtensibilityGlobals) = postSolution
		SolutionGuid = {8751F8C6-94D0-4B11-B96A-B2A240D4B502}
	EndGlobalSection
EndGlobal
